
Microsoft Visual Studio Solution File, Format Version 12.00
# Visual Studio 15
VisualStudioVersion = 15.0.27130.2010
MinimumVisualStudioVersion = 10.0.40219.1
Project("{FAE04EC0-301F-11D3-BF4B-00C04F79EFBC}") = "Ljudi2", "Ljudi2\Ljudi2.csproj", "{37D4E606-E77A-4CCA-8CC3-A091BD4E842B}"
EndProject
Global
	GlobalSection(SolutionConfigurationPlatforms) = preSolution
		Debug|Any CPU = Debug|Any CPU
		Release|Any CPU = Release|Any CPU
	EndGlobalSection
	GlobalSection(ProjectConfigurationPlatforms) = postSolution
		{37D4E606-E77A-4CCA-8CC3-A091BD4E842B}.Debug|Any CPU.ActiveCfg = Debug|Any CPU
		{37D4E606-E77A-4CCA-8CC3-A091BD4E842B}.Debug|Any CPU.Build.0 = Debug|Any CPU
		{37D4E606-E77A-4CCA-8CC3-A091BD4E842B}.Release|Any CPU.ActiveCfg = Release|Any CPU
		{37D4E606-E77A-4CCA-8CC3-A091BD4E842B}.Release|Any CPU.Build.0 = Release|Any CPU
	EndGlobalSection
	GlobalSection(SolutionProperties) = preSolution
		HideSolutionNode = FALSE
	EndGlobalSection
	GlobalSection(ExtensibilityGlobals) = postSolution
		SolutionGuid = {1EAD022E-D108-46A0-908F-09940183C21C}
	EndGlobalSection
EndGlobal
